{
  "version": 4,
  "terraform_version": "1.11.4",
  "serial": 4,
  "lineage": "d789fe22-445f-3073-4588-ba45ee23a3bc",
  "outputs": {
    "deploy_service_account_email": {
      "value": "workflows-deployer@awfl-us.iam.gserviceaccount.com",
      "type": "string"
    },
    "wif_pool_id": {
      "value": "github-worklfows-pool",
      "type": "string"
    }
  },
  "resources": [
    {
      "mode": "data",
      "type": "google_project",
      "name": "wif_project",
      "provider": "provider[\"registry.terraform.io/hashicorp/google\"]",
      "instances": [
        {
          "schema_version": 0,
          "attributes": {
            "auto_create_network": null,
            "billing_account": "01CE1D-0AC6AB-124518",
            "deletion_policy": "PREVENT",
            "effective_labels": {
              "firebase": "enabled",
              "firebase-core": "disabled"
            },
            "folder_id": null,
            "id": "projects/awfl-us",
            "labels": {
              "firebase": "enabled",
              "firebase-core": "disabled"
            },
            "name": "awfl-us",
            "number": "323709301334",
            "org_id": null,
            "project_id": "awfl-us",
            "tags": null,
            "terraform_labels": {
              "firebase": "enabled",
              "firebase-core": "disabled"
            }
          },
          "sensitive_attributes": []
        }
      ]
    },
    {
      "mode": "managed",
      "type": "google_project_iam_member",
      "name": "deploy_workflows_admin_created",
      "provider": "provider[\"registry.terraform.io/hashicorp/google\"]",
      "instances": [
        {
          "index_key": 0,
          "schema_version": 0,
          "attributes": {
            "condition": [],
            "etag": "BwZDHpdkoQc=",
            "id": "awfl-us/roles/workflows.admin/serviceAccount:workflows-deployer@awfl-us.iam.gserviceaccount.com",
            "member": "serviceAccount:workflows-deployer@awfl-us.iam.gserviceaccount.com",
            "project": "awfl-us",
            "role": "roles/workflows.admin"
          },
          "sensitive_attributes": [],
          "private": "bnVsbA==",
          "dependencies": [
            "google_service_account.deploy"
          ]
        }
      ]
    },
    {
      "mode": "managed",
      "type": "google_project_iam_member",
      "name": "deploy_workflows_admin_existing",
      "provider": "provider[\"registry.terraform.io/hashicorp/google\"]",
      "instances": []
    },
    {
      "mode": "managed",
      "type": "google_service_account",
      "name": "deploy",
      "provider": "provider[\"registry.terraform.io/hashicorp/google\"]",
      "instances": [
        {
          "index_key": 0,
          "schema_version": 0,
          "attributes": {
            "account_id": "workflows-deployer",
            "create_ignore_already_exists": null,
            "description": "",
            "disabled": false,
            "display_name": "Workflows Deployer (dev)",
            "email": "workflows-deployer@awfl-us.iam.gserviceaccount.com",
            "id": "projects/awfl-us/serviceAccounts/workflows-deployer@awfl-us.iam.gserviceaccount.com",
            "member": "serviceAccount:workflows-deployer@awfl-us.iam.gserviceaccount.com",
            "name": "projects/awfl-us/serviceAccounts/workflows-deployer@awfl-us.iam.gserviceaccount.com",
            "project": "awfl-us",
            "timeouts": null,
            "unique_id": "114407666897161646688"
          },
          "sensitive_attributes": [],
          "private": "eyJlMmJmYjczMC1lY2FhLTExZTYtOGY4OC0zNDM2M2JjN2M0YzAiOnsiY3JlYXRlIjozMDAwMDAwMDAwMDB9fQ=="
        }
      ]
    }
  ],
  "check_results": null
}
